// !$*UTF8*$!
{
	archiveVersion = 1;
	classes = {
	};
	objectVersion = 46;
	objects = {

/* Begin PBXBuildFile section */
		412A90B31A4F347900D31434 /* AppDelegate.swift in Sources */ = {isa = PBXBuildFile; fileRef = 412A90B21A4F347900D31434 /* AppDelegate.swift */; };
		412A90B81A4F347900D31434 /* Main.storyboard in Resources */ = {isa = PBXBuildFile; fileRef = 412A90B61A4F347900D31434 /* Main.storyboard */; };
		412A90BA1A4F347900D31434 /* Images.xcassets in Resources */ = {isa = PBXBuildFile; fileRef = 412A90B91A4F347900D31434 /* Images.xcassets */; };
		412A90BD1A4F347900D31434 /* LaunchScreen.xib in Resources */ = {isa = PBXBuildFile; fileRef = 412A90BB1A4F347900D31434 /* LaunchScreen.xib */; };
		412A90C91A4F347A00D31434 /* SwiftSoundManagerTests.swift in Sources */ = {isa = PBXBuildFile; fileRef = 412A90C81A4F347A00D31434 /* SwiftSoundManagerTests.swift */; };
		41700F671A5C29FF004291A2 /* SoundTableViewController.swift in Sources */ = {isa = PBXBuildFile; fileRef = 41700F661A5C29FF004291A2 /* SoundTableViewController.swift */; };
		41700F6A1A5CAF71004291A2 /* SwiftSoundManagerDefaults.swift in Sources */ = {isa = PBXBuildFile; fileRef = 41700F691A5CAF71004291A2 /* SwiftSoundManagerDefaults.swift */; };
		41A6E5551A50449500D7C8FF /* SoundManager.swift in Sources */ = {isa = PBXBuildFile; fileRef = 41A6E5541A50449500D7C8FF /* SoundManager.swift */; };
		41A6E55B1A50638200D7C8FF /* boxing-bell.wav in Resources */ = {isa = PBXBuildFile; fileRef = 41A6E55A1A50638200D7C8FF /* boxing-bell.wav */; };
		41A6E55F1A506F8A00D7C8FF /* LICENSE in Resources */ = {isa = PBXBuildFile; fileRef = 41A6E55E1A506F8A00D7C8FF /* LICENSE */; };
		41A6E5671A50747700D7C8FF /* tao-chi-gong.wav in Resources */ = {isa = PBXBuildFile; fileRef = 41A6E5661A50747700D7C8FF /* tao-chi-gong.wav */; };
		41E5CE011A5D803000C329A9 /* UIColor+SwiftSoundManager.swift in Sources */ = {isa = PBXBuildFile; fileRef = 41E5CE001A5D803000C329A9 /* UIColor+SwiftSoundManager.swift */; };
/* End PBXBuildFile section */

/* Begin PBXContainerItemProxy section */
		412A90C31A4F347A00D31434 /* PBXContainerItemProxy */ = {
			isa = PBXContainerItemProxy;
			containerPortal = 412A90A51A4F347900D31434 /* Project object */;
			proxyType = 1;
			remoteGlobalIDString = 412A90AC1A4F347900D31434;
			remoteInfo = SwiftSoundManager;
		};
/* End PBXContainerItemProxy section */

/* Begin PBXFileReference section */
		412A90AD1A4F347900D31434 /* SwiftSoundManager.app */ = {isa = PBXFileReference; explicitFileType = wrapper.application; includeInIndex = 0; path = SwiftSoundManager.app; sourceTree = BUILT_PRODUCTS_DIR; };
		412A90B11A4F347900D31434 /* Info.plist */ = {isa = PBXFileReference; lastKnownFileType = text.plist.xml; path = Info.plist; sourceTree = "<group>"; };
		412A90B21A4F347900D31434 /* AppDelegate.swift */ = {isa = PBXFileReference; lastKnownFileType = sourcecode.swift; path = AppDelegate.swift; sourceTree = "<group>"; };
		412A90B71A4F347900D31434 /* Base */ = {isa = PBXFileReference; lastKnownFileType = file.storyboard; name = Base; path = Base.lproj/Main.storyboard; sourceTree = "<group>"; };
		412A90B91A4F347900D31434 /* Images.xcassets */ = {isa = PBXFileReference; lastKnownFileType = folder.assetcatalog; path = Images.xcassets; sourceTree = "<group>"; };
		412A90BC1A4F347900D31434 /* Base */ = {isa = PBXFileReference; lastKnownFileType = file.xib; name = Base; path = Base.lproj/LaunchScreen.xib; sourceTree = "<group>"; };
		412A90C21A4F347A00D31434 /* SwiftSoundManagerTests.xctest */ = {isa = PBXFileReference; explicitFileType = wrapper.cfbundle; includeInIndex = 0; path = SwiftSoundManagerTests.xctest; sourceTree = BUILT_PRODUCTS_DIR; };
		412A90C71A4F347A00D31434 /* Info.plist */ = {isa = PBXFileReference; lastKnownFileType = text.plist.xml; path = Info.plist; sourceTree = "<group>"; };
		412A90C81A4F347A00D31434 /* SwiftSoundManagerTests.swift */ = {isa = PBXFileReference; lastKnownFileType = sourcecode.swift; path = SwiftSoundManagerTests.swift; sourceTree = "<group>"; };
		41700F661A5C29FF004291A2 /* SoundTableViewController.swift */ = {isa = PBXFileReference; fileEncoding = 4; lastKnownFileType = sourcecode.swift; path = SoundTableViewController.swift; sourceTree = "<group>"; wrapsLines = 0; };
		41700F691A5CAF71004291A2 /* SwiftSoundManagerDefaults.swift */ = {isa = PBXFileReference; fileEncoding = 4; lastKnownFileType = sourcecode.swift; path = SwiftSoundManagerDefaults.swift; sourceTree = "<group>"; };
		41A6E5541A50449500D7C8FF /* SoundManager.swift */ = {isa = PBXFileReference; fileEncoding = 4; lastKnownFileType = sourcecode.swift; path = SoundManager.swift; sourceTree = "<group>"; };
		41A6E55A1A50638200D7C8FF /* boxing-bell.wav */ = {isa = PBXFileReference; lastKnownFileType = audio.wav; path = "boxing-bell.wav"; sourceTree = "<group>"; };
		41A6E55E1A506F8A00D7C8FF /* LICENSE */ = {isa = PBXFileReference; fileEncoding = 4; lastKnownFileType = text; path = LICENSE; sourceTree = "<group>"; };
		41A6E5661A50747700D7C8FF /* tao-chi-gong.wav */ = {isa = PBXFileReference; lastKnownFileType = audio.wav; path = "tao-chi-gong.wav"; sourceTree = "<group>"; };
		41E5CE001A5D803000C329A9 /* UIColor+SwiftSoundManager.swift */ = {isa = PBXFileReference; fileEncoding = 4; lastKnownFileType = sourcecode.swift; path = "UIColor+SwiftSoundManager.swift"; sourceTree = "<group>"; };
/* End PBXFileReference section */

/* Begin PBXFrameworksBuildPhase section */
		412A90AA1A4F347900D31434 /* Frameworks */ = {
			isa = PBXFrameworksBuildPhase;
			buildActionMask = 2147483647;
			files = (
			);
			runOnlyForDeploymentPostprocessing = 0;
		};
		412A90BF1A4F347A00D31434 /* Frameworks */ = {
			isa = PBXFrameworksBuildPhase;
			buildActionMask = 2147483647;
			files = (
			);
			runOnlyForDeploymentPostprocessing = 0;
		};
/* End PBXFrameworksBuildPhase section */

/* Begin PBXGroup section */
		412A90A41A4F347900D31434 = {
			isa = PBXGroup;
			children = (
				41A6E55E1A506F8A00D7C8FF /* LICENSE */,
				412A90AF1A4F347900D31434 /* SwiftSoundManager */,
				412A90C51A4F347A00D31434 /* SwiftSoundManagerTests */,
				412A90AE1A4F347900D31434 /* Products */,
			);
			sourceTree = "<group>";
		};
		412A90AE1A4F347900D31434 /* Products */ = {
			isa = PBXGroup;
			children = (
				412A90AD1A4F347900D31434 /* SwiftSoundManager.app */,
				412A90C21A4F347A00D31434 /* SwiftSoundManagerTests.xctest */,
			);
			name = Products;
			sourceTree = "<group>";
		};
		412A90AF1A4F347900D31434 /* SwiftSoundManager */ = {
			isa = PBXGroup;
			children = (
				412A90B61A4F347900D31434 /* Main.storyboard */,
				41700F691A5CAF71004291A2 /* SwiftSoundManagerDefaults.swift */,
				412A90B21A4F347900D31434 /* AppDelegate.swift */,
				41A6E5541A50449500D7C8FF /* SoundManager.swift */,
				41700F661A5C29FF004291A2 /* SoundTableViewController.swift */,
				41E5CE001A5D803000C329A9 /* UIColor+SwiftSoundManager.swift */,
				412A90B91A4F347900D31434 /* Images.xcassets */,
				412A90BB1A4F347900D31434 /* LaunchScreen.xib */,
				412A90B01A4F347900D31434 /* Supporting Files */,
			);
			path = SwiftSoundManager;
			sourceTree = "<group>";
		};
		412A90B01A4F347900D31434 /* Supporting Files */ = {
			isa = PBXGroup;
			children = (
				412A90B11A4F347900D31434 /* Info.plist */,
				41700F681A5CABE1004291A2 /* Sound Files */,
			);
			name = "Supporting Files";
			sourceTree = "<group>";
		};
		412A90C51A4F347A00D31434 /* SwiftSoundManagerTests */ = {
			isa = PBXGroup;
			children = (
				412A90C81A4F347A00D31434 /* SwiftSoundManagerTests.swift */,
				412A90C61A4F347A00D31434 /* Supporting Files */,
			);
			path = SwiftSoundManagerTests;
			sourceTree = "<group>";
		};
		412A90C61A4F347A00D31434 /* Supporting Files */ = {
			isa = PBXGroup;
			children = (
				412A90C71A4F347A00D31434 /* Info.plist */,
			);
			name = "Supporting Files";
			sourceTree = "<group>";
		};
		41700F681A5CABE1004291A2 /* Sound Files */ = {
			isa = PBXGroup;
			children = (
				41A6E5661A50747700D7C8FF /* tao-chi-gong.wav */,
				41A6E55A1A50638200D7C8FF /* boxing-bell.wav */,
			);
			name = "Sound Files";
			sourceTree = "<group>";
		};
/* End PBXGroup section */

/* Begin PBXNativeTarget section */
		412A90AC1A4F347900D31434 /* SwiftSoundManager */ = {
			isa = PBXNativeTarget;
			buildConfigurationList = 412A90CC1A4F347A00D31434 /* Build configuration list for PBXNativeTarget "SwiftSoundManager" */;
			buildPhases = (
				412A90A91A4F347900D31434 /* Sources */,
				412A90AA1A4F347900D31434 /* Frameworks */,
				412A90AB1A4F347900D31434 /* Resources */,
			);
			buildRules = (
			);
			dependencies = (
			);
			name = SwiftSoundManager;
			productName = SwiftSoundManager;
			productReference = 412A90AD1A4F347900D31434 /* SwiftSoundManager.app */;
			productType = "com.apple.product-type.application";
		};
		412A90C11A4F347A00D31434 /* SwiftSoundManagerTests */ = {
			isa = PBXNativeTarget;
			buildConfigurationList = 412A90CF1A4F347A00D31434 /* Build configuration list for PBXNativeTarget "SwiftSoundManagerTests" */;
			buildPhases = (
				412A90BE1A4F347A00D31434 /* Sources */,
				412A90BF1A4F347A00D31434 /* Frameworks */,
				412A90C01A4F347A00D31434 /* Resources */,
			);
			buildRules = (
			);
			dependencies = (
				412A90C41A4F347A00D31434 /* PBXTargetDependency */,
			);
			name = SwiftSoundManagerTests;
			productName = SwiftSoundManagerTests;
			productReference = 412A90C21A4F347A00D31434 /* SwiftSoundManagerTests.xctest */;
			productType = "com.apple.product-type.bundle.unit-test";
		};
/* End PBXNativeTarget section */

/* Begin PBXProject section */
		412A90A51A4F347900D31434 /* Project object */ = {
			isa = PBXProject;
			attributes = {
				LastSwiftMigration = 0700;
				LastSwiftUpdateCheck = 0700;
				LastUpgradeCheck = 0700;
				ORGANIZATIONNAME = "Adam Bailey";
				TargetAttributes = {
					412A90AC1A4F347900D31434 = {
						CreatedOnToolsVersion = 6.1.1;
						DevelopmentTeam = 47SBRQVXRC;
					};
					412A90C11A4F347A00D31434 = {
						CreatedOnToolsVersion = 6.1.1;
						TestTargetID = 412A90AC1A4F347900D31434;
					};
				};
			};
			buildConfigurationList = 412A90A81A4F347900D31434 /* Build configuration list for PBXProject "SwiftSoundManager" */;
			compatibilityVersion = "Xcode 3.2";
			developmentRegion = English;
			hasScannedForEncodings = 0;
			knownRegions = (
				en,
				Base,
			);
			mainGroup = 412A90A41A4F347900D31434;
			productRefGroup = 412A90AE1A4F347900D31434 /* Products */;
			projectDirPath = "";
			projectRoot = "";
			targets = (
				412A90AC1A4F347900D31434 /* SwiftSoundManager */,
				412A90C11A4F347A00D31434 /* SwiftSoundManagerTests */,
			);
		};
/* End PBXProject section */

/* Begin PBXResourcesBuildPhase section */
		412A90AB1A4F347900D31434 /* Resources */ = {
			isa = PBXResourcesBuildPhase;
			buildActionMask = 2147483647;
			files = (
				412A90B81A4F347900D31434 /* Main.storyboard in Resources */,
				41A6E5671A50747700D7C8FF /* tao-chi-gong.wav in Resources */,
				412A90BD1A4F347900D31434 /* LaunchScreen.xib in Resources */,
				41A6E55B1A50638200D7C8FF /* boxing-bell.wav in Resources */,
				412A90BA1A4F347900D31434 /* Images.xcassets in Resources */,
				41A6E55F1A506F8A00D7C8FF /* LICENSE in Resources */,
			);
			runOnlyForDeploymentPostprocessing = 0;
		};
		412A90C01A4F347A00D31434 /* Resources */ = {
			isa = PBXResourcesBuildPhase;
			buildActionMask = 2147483647;
			files = (
			);
			runOnlyForDeploymentPostprocessing = 0;
		};
/* End PBXResourcesBuildPhase section */

/* Begin PBXSourcesBuildPhase section */
		412A90A91A4F347900D31434 /* Sources */ = {
			isa = PBXSourcesBuildPhase;
			buildActionMask = 2147483647;
			files = (
				41A6E5551A50449500D7C8FF /* SoundManager.swift in Sources */,
				41700F671A5C29FF004291A2 /* SoundTableViewController.swift in Sources */,
				41E5CE011A5D803000C329A9 /* UIColor+SwiftSoundManager.swift in Sources */,
				41700F6A1A5CAF71004291A2 /* SwiftSoundManagerDefaults.swift in Sources */,
				412A90B31A4F347900D31434 /* AppDelegate.swift in Sources */,
			);
			runOnlyForDeploymentPostprocessing = 0;
		};
		412A90BE1A4F347A00D31434 /* Sources */ = {
			isa = PBXSourcesBuildPhase;
			buildActionMask = 2147483647;
			files = (
				412A90C91A4F347A00D31434 /* SwiftSoundManagerTests.swift in Sources */,
			);
			runOnlyForDeploymentPostprocessing = 0;
		};
/* End PBXSourcesBuildPhase section */

/* Begin PBXTargetDependency section */
		412A90C41A4F347A00D31434 /* PBXTargetDependency */ = {
			isa = PBXTargetDependency;
			target = 412A90AC1A4F347900D31434 /* SwiftSoundManager */;
			targetProxy = 412A90C31A4F347A00D31434 /* PBXContainerItemProxy */;
		};
/* End PBXTargetDependency section */

/* Begin PBXVariantGroup section */
		412A90B61A4F347900D31434 /* Main.storyboard */ = {
			isa = PBXVariantGroup;
			children = (
				412A90B71A4F347900D31434 /* Base */,
			);
			name = Main.storyboard;
			sourceTree = "<group>";
		};
		412A90BB1A4F347900D31434 /* LaunchScreen.xib */ = {
			isa = PBXVariantGroup;
			children = (
				412A90BC1A4F347900D31434 /* Base */,
			);
			name = LaunchScreen.xib;
			sourceTree = "<group>";
		};
/* End PBXVariantGroup section */

/* Begin XCBuildConfiguration section */
		412A90CA1A4F347A00D31434 /* Debug */ = {
			isa = XCBuildConfiguration;
			buildSettings = {
				ALWAYS_SEARCH_USER_PATHS = NO;
				CLANG_CXX_LANGUAGE_STANDARD = "gnu++0x";
				CLANG_CXX_LIBRARY = "libc++";
				CLANG_ENABLE_MODULES = YES;
				CLANG_ENABLE_OBJC_ARC = YES;
				CLANG_WARN_BOOL_CONVERSION = YES;
				CLANG_WARN_CONSTANT_CONVERSION = YES;
				CLANG_WARN_DIRECT_OBJC_ISA_USAGE = YES_ERROR;
				CLANG_WARN_EMPTY_BODY = YES;
				CLANG_WARN_ENUM_CONVERSION = YES;
				CLANG_WARN_INT_CONVERSION = YES;
				CLANG_WARN_OBJC_ROOT_CLASS = YES_ERROR;
				CLANG_WARN_UNREACHABLE_CODE = YES;
				CLANG_WARN__DUPLICATE_METHOD_MATCH = YES;
				"CODE_SIGN_IDENTITY[sdk=iphoneos*]" = "iPhone Developer";
				COPY_PHASE_STRIP = NO;
				ENABLE_STRICT_OBJC_MSGSEND = YES;
				ENABLE_TESTABILITY = YES;
				GCC_C_LANGUAGE_STANDARD = gnu99;
				GCC_DYNAMIC_NO_PIC = NO;
				GCC_OPTIMIZATION_LEVEL = 0;
				GCC_PREPROCESSOR_DEFINITIONS = (
					"DEBUG=1",
					"$(inherited)",
				);
				GCC_SYMBOLS_PRIVATE_EXTERN = NO;
				GCC_WARN_64_TO_32_BIT_CONVERSION = YES;
				GCC_WARN_ABOUT_RETURN_TYPE = YES_ERROR;
				GCC_WARN_UNDECLARED_SELECTOR = YES;
				GCC_WARN_UNINITIALIZED_AUTOS = YES_AGGRESSIVE;
				GCC_WARN_UNUSED_FUNCTION = YES;
				GCC_WARN_UNUSED_VARIABLE = YES;
				IPHONEOS_DEPLOYMENT_TARGET = 8.1;
				MTL_ENABLE_DEBUG_INFO = YES;
				ONLY_ACTIVE_ARCH = YES;
				SDKROOT = iphoneos;
				SWIFT_OPTIMIZATION_LEVEL = "-Onone";
				TARGETED_DEVICE_FAMILY = "1,2";
			};
			name = Debug;
		};
		412A90CB1A4F347A00D31434 /* Release */ = {
			isa = XCBuildConfiguration;
			buildSettings = {
				ALWAYS_SEARCH_USER_PATHS = NO;
				CLANG_CXX_LANGUAGE_STANDARD = "gnu++0x";
				CLANG_CXX_LIBRARY = "libc++";
				CLANG_ENABLE_MODULES = YES;
				CLANG_ENABLE_OBJC_ARC = YES;
				CLANG_WARN_BOOL_CONVERSION = YES;
				CLANG_WARN_CONSTANT_CONVERSION = YES;
				CLANG_WARN_DIRECT_OBJC_ISA_USAGE = YES_ERROR;
				CLANG_WARN_EMPTY_BODY = YES;
				CLANG_WARN_ENUM_CONVERSION = YES;
				CLANG_WARN_INT_CONVERSION = YES;
				CLANG_WARN_OBJC_ROOT_CLASS = YES_ERROR;
				CLANG_WARN_UNREACHABLE_CODE = YES;
				CLANG_WARN__DUPLICATE_METHOD_MATCH = YES;
				"CODE_SIGN_IDENTITY[sdk=iphoneos*]" = "iPhone Developer";
				COPY_PHASE_STRIP = YES;
				ENABLE_NS_ASSERTIONS = NO;
				ENABLE_STRICT_OBJC_MSGSEND = YES;
				GCC_C_LANGUAGE_STANDARD = gnu99;
				GCC_WARN_64_TO_32_BIT_CONVERSION = YES;
				GCC_WARN_ABOUT_RETURN_TYPE = YES_ERROR;
				GCC_WARN_UNDECLARED_SELECTOR = YES;
				GCC_WARN_UNINITIALIZED_AUTOS = YES_AGGRESSIVE;
				GCC_WARN_UNUSED_FUNCTION = YES;
				GCC_WARN_UNUSED_VARIABLE = YES;
				IPHONEOS_DEPLOYMENT_TARGET = 8.1;
				MTL_ENABLE_DEBUG_INFO = NO;
				SDKROOT = iphoneos;
				TARGETED_DEVICE_FAMILY = "1,2";
				VALIDATE_PRODUCT = YES;
			};
			name = Release;
		};
		412A90CD1A4F347A00D31434 /* Debug */ = {
			isa = XCBuildConfiguration;
			buildSettings = {
				ASSETCATALOG_COMPILER_APPICON_NAME = AppIcon;
				CODE_SIGN_IDENTITY = "iPhone Developer";
				"CODE_SIGN_IDENTITY[sdk=iphoneos*]" = "iPhone Developer";
				INFOPLIST_FILE = SwiftSoundManager/Info.plist;
				LD_RUNPATH_SEARCH_PATHS = "$(inherited) @executable_path/Frameworks";
				PRODUCT_BUNDLE_IDENTIFIER = "com.fourthframe.$(PRODUCT_NAME:rfc1034identifier)";
				PRODUCT_NAME = "$(TARGET_NAME)";
				PROVISIONING_PROFILE = "";
			};
			name = Debug;
		};
		412A90CE1A4F347A00D31434 /* Release */ = {
			isa = XCBuildConfiguration;
			buildSettings = {
				ASSETCATALOG_COMPILER_APPICON_NAME = AppIcon;
				CODE_SIGN_IDENTITY = "iPhone Developer";
				"CODE_SIGN_IDENTITY[sdk=iphoneos*]" = "iPhone Developer";
				INFOPLIST_FILE = SwiftSoundManager/Info.plist;
				LD_RUNPATH_SEARCH_PATHS = "$(inherited) @executable_path/Frameworks";
				PRODUCT_BUNDLE_IDENTIFIER = "com.fourthframe.$(PRODUCT_NAME:rfc1034identifier)";
				PRODUCT_NAME = "$(TARGET_NAME)";
				PROVISIONING_PROFILE = "";
			};
			name = Release;
		};
		412A90D01A4F347A00D31434 /* Debug */ = {
			isa = XCBuildConfiguration;
			buildSettings = {
				BUNDLE_LOADER = "$(TEST_HOST)";
				FRAMEWORK_SEARCH_PATHS = (
					"$(SDKROOT)/Developer/Library/Frameworks",
					"$(inherited)",
				);
				GCC_PREPROCESSOR_DEFINITIONS = (
					"DEBUG=1",
					"$(inherited)",
				);
				INFOPLIST_FILE = SwiftSoundManagerTests/Info.plist;
				LD_RUNPATH_SEARCH_PATHS = "$(inherited) @executable_path/Frameworks @loader_path/Frameworks";
				PRODUCT_BUNDLE_IDENTIFIER = "com.fourthframe.$(PRODUCT_NAME:rfc1034identifier)";
				PRODUCT_NAME = "$(TARGET_NAME)";
				TEST_HOST = "$(BUILT_PRODUCTS_DIR)/SwiftSoundManager.app/SwiftSoundManager";
			};
			name = Debug;
		};
		412A90D11A4F347A00D31434 /* Release */ = {
			isa = XCBuildConfiguration;
			buildSettings = {
				BUNDLE_LOADER = "$(TEST_HOST)";
				FRAMEWORK_SEARCH_PATHS = (
					"$(SDKROOT)/Developer/Library/Frameworks",
					"$(inherited)",
				);
				INFOPLIST_FILE = SwiftSoundManagerTests/Info.plist;
				LD_RUNPATH_SEARCH_PATHS = "$(inherited) @executable_path/Frameworks @loader_path/Frameworks";
				PRODUCT_BUNDLE_IDENTIFIER = "com.fourthframe.$(PRODUCT_NAME:rfc1034identifier)";
				PRODUCT_NAME = "$(TARGET_NAME)";
				TEST_HOST = "$(BUILT_PRODUCTS_DIR)/SwiftSoundManager.app/SwiftSoundManager";
			};
			name = Release;
		};
/* End XCBuildConfiguration section */

/* Begin XCConfigurationList section */
		412A90A81A4F347900D31434 /* Build configuration list for PBXProject "SwiftSoundManager" */ = {
			isa = XCConfigurationList;
			buildConfigurations = (
				412A90CA1A4F347A00D31434 /* Debug */,
				412A90CB1A4F347A00D31434 /* Release */,
			);
			defaultConfigurationIsVisible = 0;
			defaultConfigurationName = Release;
		};
		412A90CC1A4F347A00D31434 /* Build configuration list for PBXNativeTarget "SwiftSoundManager" */ = {
			isa = XCConfigurationList;
			buildConfigurations = (
				412A90CD1A4F347A00D31434 /* Debug */,
				412A90CE1A4F347A00D31434 /* Release */,
			);
			defaultConfigurationIsVisible = 0;
			defaultConfigurationName = Release;
		};
		412A90CF1A4F347A00D31434 /* Build configuration list for PBXNativeTarget "SwiftSoundManagerTests" */ = {
			isa = XCConfigurationList;
			buildConfigurations = (
				412A90D01A4F347A00D31434 /* Debug */,
				412A90D11A4F347A00D31434 /* Release */,
			);
			defaultConfigurationIsVisible = 0;
			defaultConfigurationName = Release;
		};
/* End XCConfigurationList section */
	};
	rootObject = 412A90A51A4F347900D31434 /* Project object */;
}
